<?xml version="1.0" encoding="utf-8"?>
<Project ToolsVersion="4.0" xmlns="http://schemas.microsoft.com/developer/msbuild/2003">
  <ItemGroup>
    <Filter Include="소스 파일">
      <UniqueIdentifier>{4FC737F1-C7A5-4376-A066-2A32D752A2FF}</UniqueIdentifier>
      <Extensions>cpp;c;cc;cxx;def;odl;idl;hpj;bat;asm;asmx</Extensions>
    </Filter>
    <Filter Include="헤더 파일">
      <UniqueIdentifier>{93995380-89BD-4b04-88EB-625FBE52EBFB}</UniqueIdentifier>
      <Extensions>h;hh;hpp;hxx;hm;inl;inc;ipp;xsd</Extensions>
    </Filter>
    <Filter Include="리소스 파일">
      <UniqueIdentifier>{67DA6AB6-F800-4c08-8B7A-83BB121AAD01}</UniqueIdentifier>
      <Extensions>rc;ico;cur;bmp;dlg;rc2;rct;bin;rgs;gif;jpg;jpeg;jpe;resx;tiff;tif;png;wav;mfcribbon-ms</Extensions>
    </Filter>
    <Filter Include="2DGameFramework">
      <UniqueIdentifier>{ad5c3c42-eef2-4826-9613-ba658cf217fc}</UniqueIdentifier>
    </Filter>
    <Filter Include="2DGameFramework\image">
      <UniqueIdentifier>{4d2fb860-e3e5-42dc-89f2-591a73ccc3b9}</UniqueIdentifier>
    </Filter>
    <Filter Include="2DGameFramework\manager">
      <UniqueIdentifier>{ca25f847-dc18-4cdb-ab4c-360e4e638397}</UniqueIdentifier>
    </Filter>
    <Filter Include="2DGameFramework\animation">
      <UniqueIdentifier>{a3138727-042f-4cdd-9a09-c2162fc2d3ae}</UniqueIdentifier>
    </Filter>
    <Filter Include="2DGameFramework\prograssBar">
      <UniqueIdentifier>{63af7ddd-3782-49f0-98b5-a3dd4ae16133}</UniqueIdentifier>
    </Filter>
    <Filter Include="2DGameFramework\timer">
      <UniqueIdentifier>{b40bc0a6-c2f2-4d84-b389-cb5bf111afa3}</UniqueIdentifier>
    </Filter>
    <Filter Include="2DGameFramework\Utility">
      <UniqueIdentifier>{0099e429-463a-416a-8036-476a80ad0c89}</UniqueIdentifier>
    </Filter>
    <Filter Include="MainGame">
      <UniqueIdentifier>{b659b9ee-ce39-499c-bd33-d07dd9d25a43}</UniqueIdentifier>
    </Filter>
    <Filter Include="2DGameFramework\scene">
      <UniqueIdentifier>{3f3ad2cb-68a3-4c52-b716-c77acc4a4c2b}</UniqueIdentifier>
    </Filter>
    <Filter Include="2DGameFramework\effect">
      <UniqueIdentifier>{e680e929-b593-4919-a6b6-9ac5085bb849}</UniqueIdentifier>
    </Filter>
    <Filter Include="2DGameFramework\txtData">
      <UniqueIdentifier>{cf754df7-8de4-4cb1-859d-9f3a9aa2a97e}</UniqueIdentifier>
    </Filter>
    <Filter Include="2DGameFramework\botton">
      <UniqueIdentifier>{e9e686f1-0b19-4e71-9d75-e407642d7e61}</UniqueIdentifier>
    </Filter>
    <Filter Include="2DGameFramework\pixelCollision">
      <UniqueIdentifier>{c7fe0b1e-15d4-4584-a967-03ec55fbd98a}</UniqueIdentifier>
    </Filter>
    <Filter Include="2DGameFramework\ui">
      <UniqueIdentifier>{9099d684-5815-4c7b-8817-038fe38e6585}</UniqueIdentifier>
    </Filter>
    <Filter Include="MainGame\enemy">
      <UniqueIdentifier>{f977e3a2-8483-4f98-a826-72ef924a2afa}</UniqueIdentifier>
    </Filter>
    <Filter Include="MainGame\missile">
      <UniqueIdentifier>{705bdbe6-1212-4dee-9230-f772510a6848}</UniqueIdentifier>
    </Filter>
    <Filter Include="MainGame\player">
      <UniqueIdentifier>{c7e818dc-5986-455e-9b13-b8417298555f}</UniqueIdentifier>
    </Filter>
    <Filter Include="MainGame\boss">
      <UniqueIdentifier>{f3a4fbcc-1d2d-400a-b4d9-1a302456266a}</UniqueIdentifier>
    </Filter>
  </ItemGroup>
  <ItemGroup>
    <ClInclude Include="stdafx.h">
      <Filter>헤더 파일</Filter>
    </ClInclude>
    <ClInclude Include="targetver.h">
      <Filter>헤더 파일</Filter>
    </ClInclude>
    <ClInclude Include="Resource.h">
      <Filter>헤더 파일</Filter>
    </ClInclude>
    <ClInclude Include="Project1.h">
      <Filter>헤더 파일</Filter>
    </ClInclude>
    <ClInclude Include="animation.h">
      <Filter>2DGameFramework\animation</Filter>
    </ClInclude>
    <ClInclude Include="image.h">
      <Filter>2DGameFramework\image</Filter>
    </ClInclude>
    <ClInclude Include="imageManager.h">
      <Filter>2DGameFramework\manager</Filter>
    </ClInclude>
    <ClInclude Include="keyManager.h">
      <Filter>2DGameFramework\manager</Filter>
    </ClInclude>
    <ClInclude Include="timeManager.h">
      <Filter>2DGameFramework\manager</Filter>
    </ClInclude>
    <ClInclude Include="singletonBase.h">
      <Filter>2DGameFramework\manager</Filter>
    </ClInclude>
    <ClInclude Include="mainGame.h">
      <Filter>MainGame</Filter>
    </ClInclude>
    <ClInclude Include="randomFunction.h">
      <Filter>헤더 파일</Filter>
    </ClInclude>
    <ClInclude Include="commonMacroFunction.h">
      <Filter>헤더 파일</Filter>
    </ClInclude>
    <ClInclude Include="utils.h">
      <Filter>2DGameFramework\Utility</Filter>
    </ClInclude>
    <ClInclude Include="timer.h">
      <Filter>2DGameFramework\timer</Filter>
    </ClInclude>
    <ClInclude Include="progressBar.h">
      <Filter>2DGameFramework\prograssBar</Filter>
    </ClInclude>
    <ClInclude Include="scene.h">
      <Filter>2DGameFramework\scene</Filter>
    </ClInclude>
    <ClInclude Include="sceneManager.h">
      <Filter>2DGameFramework\manager</Filter>
    </ClInclude>
    <ClInclude Include="effect.h">
      <Filter>2DGameFramework\effect</Filter>
    </ClInclude>
    <ClInclude Include="effectManager.h">
      <Filter>2DGameFramework\manager</Filter>
    </ClInclude>
    <ClInclude Include="txtData.h">
      <Filter>2DGameFramework\txtData</Filter>
    </ClInclude>
    <ClInclude Include="button.h">
      <Filter>2DGameFramework\botton</Filter>
    </ClInclude>
    <ClInclude Include="soundManager.h">
      <Filter>2DGameFramework\manager</Filter>
    </ClInclude>
    <ClInclude Include="pixelCollision.h">
      <Filter>2DGameFramework\pixelCollision</Filter>
    </ClInclude>
    <ClInclude Include="uiManager.h">
      <Filter>2DGameFramework\manager</Filter>
    </ClInclude>
    <ClInclude Include="gameNode.h">
      <Filter>2DGameFramework</Filter>
    </ClInclude>
    <ClInclude Include="titleScene.h">
      <Filter>2DGameFramework\scene</Filter>
    </ClInclude>
    <ClInclude Include="uiButton.h">
      <Filter>2DGameFramework\ui</Filter>
    </ClInclude>
    <ClInclude Include="uiObject.h">
      <Filter>2DGameFramework\ui</Filter>
    </ClInclude>
    <ClInclude Include="uiImageView.h">
      <Filter>2DGameFramework\ui</Filter>
    </ClInclude>
    <ClInclude Include="introScene.h">
      <Filter>2DGameFramework\scene</Filter>
    </ClInclude>
    <ClInclude Include="enemyManager.h">
      <Filter>MainGame\enemy</Filter>
    </ClInclude>
    <ClInclude Include="enemy.h">
      <Filter>MainGame\enemy</Filter>
    </ClInclude>
    <ClInclude Include="missileManager.h">
      <Filter>MainGame\missile</Filter>
    </ClInclude>
    <ClInclude Include="missile.h">
      <Filter>MainGame\missile</Filter>
    </ClInclude>
    <ClInclude Include="player.h">
      <Filter>MainGame\player</Filter>
    </ClInclude>
    <ClInclude Include="TestScene.h">
      <Filter>2DGameFramework\scene</Filter>
    </ClInclude>
    <ClInclude Include="boss.h">
      <Filter>MainGame\boss</Filter>
    </ClInclude>
    <ClInclude Include="bossScene.h">
      <Filter>2DGameFramework\scene</Filter>
    </ClInclude>
  </ItemGroup>
  <ItemGroup>
    <ClCompile Include="stdafx.cpp">
      <Filter>소스 파일</Filter>
    </ClCompile>
    <ClCompile Include="Project1.cpp">
      <Filter>소스 파일</Filter>
    </ClCompile>
    <ClCompile Include="animation.cpp">
      <Filter>2DGameFramework\animation</Filter>
    </ClCompile>
    <ClCompile Include="gameNode.cpp">
      <Filter>2DGameFramework</Filter>
    </ClCompile>
    <ClCompile Include="image.cpp">
      <Filter>2DGameFramework\image</Filter>
    </ClCompile>
    <ClCompile Include="imageManager.cpp">
      <Filter>2DGameFramework\manager</Filter>
    </ClCompile>
    <ClCompile Include="keyManager.cpp">
      <Filter>2DGameFramework\manager</Filter>
    </ClCompile>
    <ClCompile Include="timeManager.cpp">
      <Filter>2DGameFramework\manager</Filter>
    </ClCompile>
    <ClCompile Include="mainGame.cpp">
      <Filter>MainGame</Filter>
    </ClCompile>
    <ClCompile Include="utils.cpp">
      <Filter>2DGameFramework\Utility</Filter>
    </ClCompile>
    <ClCompile Include="timer.cpp">
      <Filter>2DGameFramework\timer</Filter>
    </ClCompile>
    <ClCompile Include="progressBar.cpp">
      <Filter>2DGameFramework\prograssBar</Filter>
    </ClCompile>
    <ClCompile Include="scene.cpp">
      <Filter>2DGameFramework\scene</Filter>
    </ClCompile>
    <ClCompile Include="sceneManager.cpp">
      <Filter>2DGameFramework\manager</Filter>
    </ClCompile>
    <ClCompile Include="effect.cpp">
      <Filter>2DGameFramework\effect</Filter>
    </ClCompile>
    <ClCompile Include="effectManager.cpp">
      <Filter>2DGameFramework\manager</Filter>
    </ClCompile>
    <ClCompile Include="txtData.cpp">
      <Filter>2DGameFramework\txtData</Filter>
    </ClCompile>
    <ClCompile Include="button.cpp">
      <Filter>2DGameFramework\botton</Filter>
    </ClCompile>
    <ClCompile Include="soundManager.cpp">
      <Filter>2DGameFramework\manager</Filter>
    </ClCompile>
    <ClCompile Include="pixelCollision.cpp">
      <Filter>2DGameFramework\pixelCollision</Filter>
    </ClCompile>
    <ClCompile Include="uiManager.cpp">
      <Filter>2DGameFramework\manager</Filter>
    </ClCompile>
    <ClCompile Include="titleScene.cpp">
      <Filter>2DGameFramework\scene</Filter>
    </ClCompile>
    <ClCompile Include="uiObject.cpp">
      <Filter>2DGameFramework\ui</Filter>
    </ClCompile>
    <ClCompile Include="uiButton.cpp">
      <Filter>2DGameFramework\ui</Filter>
    </ClCompile>
    <ClCompile Include="uiImageView.cpp">
      <Filter>2DGameFramework\ui</Filter>
    </ClCompile>
    <ClCompile Include="introScene.cpp">
      <Filter>2DGameFramework\scene</Filter>
    </ClCompile>
    <ClCompile Include="enemyManager.cpp">
      <Filter>MainGame\enemy</Filter>
    </ClCompile>
    <ClCompile Include="enemy.cpp">
      <Filter>MainGame\enemy</Filter>
    </ClCompile>
    <ClCompile Include="missileManager.cpp">
      <Filter>MainGame\missile</Filter>
    </ClCompile>
    <ClCompile Include="missile.cpp">
      <Filter>MainGame\missile</Filter>
    </ClCompile>
    <ClCompile Include="player.cpp">
      <Filter>MainGame\player</Filter>
    </ClCompile>
    <ClCompile Include="TestScene.cpp">
      <Filter>2DGameFramework\scene</Filter>
    </ClCompile>
    <ClCompile Include="boss.cpp">
      <Filter>MainGame\boss</Filter>
    </ClCompile>
    <ClCompile Include="bossScene.cpp">
      <Filter>2DGameFramework\scene</Filter>
    </ClCompile>
  </ItemGroup>
  <ItemGroup>
    <ResourceCompile Include="Project1.rc">
      <Filter>리소스 파일</Filter>
    </ResourceCompile>
  </ItemGroup>
  <ItemGroup>
    <Image Include="small.ico">
      <Filter>리소스 파일</Filter>
    </Image>
    <Image Include="Project1.ico">
      <Filter>리소스 파일</Filter>
    </Image>
  </ItemGroup>
  <ItemGroup>
    <Text Include="수정사항 주소영.txt">
      <Filter>소스 파일</Filter>
    </Text>
  </ItemGroup>
</Project>